
Microsoft Visual Studio Solution File, Format Version 12.00
# Visual Studio Version 16
VisualStudioVersion = 16.0.31515.178
MinimumVisualStudioVersion = 10.0.40219.1
Project("{FAE04EC0-301F-11D3-BF4B-00C04F79EFBC}") = "MovieRatingWithDatabase", "MovieRatingWithDatabase\MovieRatingWithDatabase.csproj", "{308CF3E2-0389-4DC8-B36A-4DBAC4B93BDE}"
EndProject
Global
	GlobalSection(SolutionConfigurationPlatforms) = preSolution
		Debug|Any CPU = Debug|Any CPU
		Release|Any CPU = Release|Any CPU
	EndGlobalSection
	GlobalSection(ProjectConfigurationPlatforms) = postSolution
		{308CF3E2-0389-4DC8-B36A-4DBAC4B93BDE}.Debug|Any CPU.ActiveCfg = Debug|Any CPU
		{308CF3E2-0389-4DC8-B36A-4DBAC4B93BDE}.Debug|Any CPU.Build.0 = Debug|Any CPU
		{308CF3E2-0389-4DC8-B36A-4DBAC4B93BDE}.Release|Any CPU.ActiveCfg = Release|Any CPU
		{308CF3E2-0389-4DC8-B36A-4DBAC4B93BDE}.Release|Any CPU.Build.0 = Release|Any CPU
	EndGlobalSection
	GlobalSection(SolutionProperties) = preSolution
		HideSolutionNode = FALSE
	EndGlobalSection
	GlobalSection(ExtensibilityGlobals) = postSolution
		SolutionGuid = {831DEDEC-FFE0-49F6-8098-55E49E48A60A}
	EndGlobalSection
EndGlobal
